// !$*UTF8*$!
{
	archiveVersion = 1;
	classes = {
	};
	objectVersion = 77;
	objects = {

/* Begin PBXBuildFile section */
		6A9E89662F46442900A397DE /* GoogleService-Info.plist in Resources */ = {isa = PBXBuildFile; fileRef = 6A9E89652F46442900A397DE /* GoogleService-Info.plist */; };
		6A9E89912F46617000A397DE /* FirebaseAuth in Frameworks */ = {isa = PBXBuildFile; productRef = 6A9E89902F46617000A397DE /* FirebaseAuth */; };
		6A9E89932F46617000A397DE /* FirebaseCore in Frameworks */ = {isa = PBXBuildFile; productRef = 6A9E89922F46617000A397DE /* FirebaseCore */; };
		6A9E89952F46617000A397DE /* FirebaseDatabase in Frameworks */ = {isa = PBXBuildFile; productRef = 6A9E89942F46617000A397DE /* FirebaseDatabase */; };
		6A9E89972F46617000A397DE /* FirebaseFirestore in Frameworks */ = {isa = PBXBuildFile; productRef = 6A9E89962F46617000A397DE /* FirebaseFirestore */; };
		6A9E89992F46617000A397DE /* FirebaseStorage in Frameworks */ = {isa = PBXBuildFile; productRef = 6A9E89982F46617000A397DE /* FirebaseStorage */; };
/* End PBXBuildFile section */

/* Begin PBXContainerItemProxy section */
		6A9E89032F4627C800A397DE /* PBXContainerItemProxy */ = {
			isa = PBXContainerItemProxy;
			containerPortal = 6A9E88ED2F4627C800A397DE /* Project object */;
			proxyType = 1;
			remoteGlobalIDString = 6A9E88F42F4627C800A397DE;
			remoteInfo = GenTech;
		};
		6A9E890D2F4627C800A397DE /* PBXContainerItemProxy */ = {
			isa = PBXContainerItemProxy;
			containerPortal = 6A9E88ED2F4627C800A397DE /* Project object */;
			proxyType = 1;
			remoteGlobalIDString = 6A9E88F42F4627C800A397DE;
			remoteInfo = GenTech;
		};
/* End PBXContainerItemProxy section */

/* Begin PBXFileReference section */
		6A9E88F52F4627C800A397DE /* GenTech.app */ = {isa = PBXFileReference; explicitFileType = wrapper.application; includeInIndex = 0; path = GenTech.app; sourceTree = BUILT_PRODUCTS_DIR; };
		6A9E89022F4627C800A397DE /* GenTechTests.xctest */ = {isa = PBXFileReference; explicitFileType = wrapper.cfbundle; includeInIndex = 0; path = GenTechTests.xctest; sourceTree = BUILT_PRODUCTS_DIR; };
		6A9E890C2F4627C800A397DE /* GenTechUITests.xctest */ = {isa = PBXFileReference; explicitFileType = wrapper.cfbundle; includeInIndex = 0; path = GenTechUITests.xctest; sourceTree = BUILT_PRODUCTS_DIR; };
		6A9E89652F46442900A397DE /* GoogleService-Info.plist */ = {isa = PBXFileReference; lastKnownFileType = text.plist.xml; path = "GoogleService-Info.plist"; sourceTree = "<group>"; };
/* End PBXFileReference section */

/* Begin PBXFileSystemSynchronizedRootGroup section */
		6A9E88F72F4627C800A397DE /* GenTech */ = {
			isa = PBXFileSystemSynchronizedRootGroup;
			path = GenTech;
			sourceTree = "<group>";
		};
		6A9E89052F4627C800A397DE /* GenTechTests */ = {
			isa = PBXFileSystemSynchronizedRootGroup;
			path = GenTechTests;
			sourceTree = "<group>";
		};
		6A9E890F2F4627C800A397DE /* GenTechUITests */ = {
			isa = PBXFileSystemSynchronizedRootGroup;
			path = GenTechUITests;
			sourceTree = "<group>";
		};
/* End PBXFileSystemSynchronizedRootGroup section */

/* Begin PBXFrameworksBuildPhase section */
		6A9E88F22F4627C800A397DE /* Frameworks */ = {
			isa = PBXFrameworksBuildPhase;
			buildActionMask = 2147483647;
			files = (
				6A9E89952F46617000A397DE /* FirebaseDatabase in Frameworks */,
				6A9E89972F46617000A397DE /* FirebaseFirestore in Frameworks */,
				6A9E89932F46617000A397DE /* FirebaseCore in Frameworks */,
				6A9E89992F46617000A397DE /* FirebaseStorage in Frameworks */,
				6A9E89912F46617000A397DE /* FirebaseAuth in Frameworks */,
			);
			runOnlyForDeploymentPostprocessing = 0;
		};
		6A9E88FF2F4627C800A397DE /* Frameworks */ = {
			isa = PBXFrameworksBuildPhase;
			buildActionMask = 2147483647;
			files = (
			);
			runOnlyForDeploymentPostprocessing = 0;
		};
		6A9E89092F4627C800A397DE /* Frameworks */ = {
			isa = PBXFrameworksBuildPhase;
			buildActionMask = 2147483647;
			files = (
			);
			runOnlyForDeploymentPostprocessing = 0;
		};
/* End PBXFrameworksBuildPhase section */

/* Begin PBXGroup section */
		6A9E88EC2F4627C800A397DE = {
			isa = PBXGroup;
			children = (
				6A9E88F72F4627C800A397DE /* GenTech */,
				6A9E89052F4627C800A397DE /* GenTechTests */,
				6A9E890F2F4627C800A397DE /* GenTechUITests */,
				6A9E88F62F4627C800A397DE /* Products */,
				6A9E89652F46442900A397DE /* GoogleService-Info.plist */,
			);
			sourceTree = "<group>";
		};
		6A9E88F62F4627C800A397DE /* Products */ = {
			isa = PBXGroup;
			children = (
				6A9E88F52F4627C800A397DE /* GenTech.app */,
				6A9E89022F4627C800A397DE /* GenTechTests.xctest */,
				6A9E890C2F4627C800A397DE /* GenTechUITests.xctest */,
			);
			name = Products;
			sourceTree = "<group>";
		};
/* End PBXGroup section */

/* Begin PBXNativeTarget section */
		6A9E88F42F4627C800A397DE /* GenTech */ = {
			isa = PBXNativeTarget;
			buildConfigurationList = 6A9E89162F4627C800A397DE /* Build configuration list for PBXNativeTarget "GenTech" */;
			buildPhases = (
				6A9E88F12F4627C800A397DE /* Sources */,
				6A9E88F22F4627C800A397DE /* Frameworks */,
				6A9E88F32F4627C800A397DE /* Resources */,
			);
			buildRules = (
			);
			dependencies = (
			);
			fileSystemSynchronizedGroups = (
				6A9E88F72F4627C800A397DE /* GenTech */,
			);
			name = GenTech;
			packageProductDependencies = (
				6A9E89902F46617000A397DE /* FirebaseAuth */,
				6A9E89922F46617000A397DE /* FirebaseCore */,
				6A9E89942F46617000A397DE /* FirebaseDatabase */,
				6A9E89962F46617000A397DE /* FirebaseFirestore */,
				6A9E89982F46617000A397DE /* FirebaseStorage */,
			);
			productName = GenTech;
			productReference = 6A9E88F52F4627C800A397DE /* GenTech.app */;
			productType = "com.apple.product-type.application";
		};
		6A9E89012F4627C800A397DE /* GenTechTests */ = {
			isa = PBXNativeTarget;
			buildConfigurationList = 6A9E89192F4627C800A397DE /* Build configuration list for PBXNativeTarget "GenTechTests" */;
			buildPhases = (
				6A9E88FE2F4627C800A397DE /* Sources */,
				6A9E88FF2F4627C800A397DE /* Frameworks */,
				6A9E89002F4627C800A397DE /* Resources */,
			);
			buildRules = (
			);
			dependencies = (
				6A9E89042F4627C800A397DE /* PBXTargetDependency */,
			);
			fileSystemSynchronizedGroups = (
				6A9E89052F4627C800A397DE /* GenTechTests */,
			);
			name = GenTechTests;
			packageProductDependencies = (
			);
			productName = GenTechTests;
			productReference = 6A9E89022F4627C800A397DE /* GenTechTests.xctest */;
			productType = "com.apple.product-type.bundle.unit-test";
		};
		6A9E890B2F4627C800A397DE /* GenTechUITests */ = {
			isa = PBXNativeTarget;
			buildConfigurationList = 6A9E891C2F4627C800A397DE /* Build configuration list for PBXNativeTarget "GenTechUITests" */;
			buildPhases = (
				6A9E89082F4627C800A397DE /* Sources */,
				6A9E89092F4627C800A397DE /* Frameworks */,
				6A9E890A2F4627C800A397DE /* Resources */,
			);
			buildRules = (
			);
			dependencies = (
				6A9E890E2F4627C800A397DE /* PBXTargetDependency */,
			);
			fileSystemSynchronizedGroups = (
				6A9E890F2F4627C800A397DE /* GenTechUITests */,
			);
			name = GenTechUITests;
			packageProductDependencies = (
			);
			productName = GenTechUITests;
			productReference = 6A9E890C2F4627C800A397DE /* GenTechUITests.xctest */;
			productType = "com.apple.product-type.bundle.ui-testing";
		};
/* End PBXNativeTarget section */

/* Begin PBXProject section */
		6A9E88ED2F4627C800A397DE /* Project object */ = {
			isa = PBXProject;
			attributes = {
				BuildIndependentTargetsInParallel = 1;
				LastSwiftUpdateCheck = 2620;
				LastUpgradeCheck = 2620;
				TargetAttributes = {
					6A9E88F42F4627C800A397DE = {
						CreatedOnToolsVersion = 26.2;
					};
					6A9E89012F4627C800A397DE = {
						CreatedOnToolsVersion = 26.2;
						TestTargetID = 6A9E88F42F4627C800A397DE;
					};
					6A9E890B2F4627C800A397DE = {
						CreatedOnToolsVersion = 26.2;
						TestTargetID = 6A9E88F42F4627C800A397DE;
					};
				};
			};
			buildConfigurationList = 6A9E88F02F4627C800A397DE /* Build configuration list for PBXProject "GenTech" */;
			developmentRegion = en;
			hasScannedForEncodings = 0;
			knownRegions = (
				en,
				Base,
			);
			mainGroup = 6A9E88EC2F4627C800A397DE;
			minimizedProjectReferenceProxies = 1;
			packageReferences = (
				6A9E898F2F46617000A397DE /* XCRemoteSwiftPackageReference "firebase-ios-sdk" */,
			);
			preferredProjectObjectVersion = 77;
			productRefGroup = 6A9E88F62F4627C800A397DE /* Products */;
			projectDirPath = "";
			projectRoot = "";
			targets = (
				6A9E88F42F4627C800A397DE /* GenTech */,
				6A9E89012F4627C800A397DE /* GenTechTests */,
				6A9E890B2F4627C800A397DE /* GenTechUITests */,
			);
		};
/* End PBXProject section */

/* Begin PBXResourcesBuildPhase section */
		6A9E88F32F4627C800A397DE /* Resources */ = {
			isa = PBXResourcesBuildPhase;
			buildActionMask = 2147483647;
			files = (
				6A9E89662F46442900A397DE /* GoogleService-Info.plist in Resources */,
			);
			runOnlyForDeploymentPostprocessing = 0;
		};
		6A9E89002F4627C800A397DE /* Resources */ = {
			isa = PBXResourcesBuildPhase;
			buildActionMask = 2147483647;
			files = (
			);
			runOnlyForDeploymentPostprocessing = 0;
		};
		6A9E890A2F4627C800A397DE /* Resources */ = {
			isa = PBXResourcesBuildPhase;
			buildActionMask = 2147483647;
			files = (
			);
			runOnlyForDeploymentPostprocessing = 0;
		};
/* End PBXResourcesBuildPhase section */

/* Begin PBXSourcesBuildPhase section */
		6A9E88F12F4627C800A397DE /* Sources */ = {
			isa = PBXSourcesBuildPhase;
			buildActionMask = 2147483647;
			files = (
			);
			runOnlyForDeploymentPostprocessing = 0;
		};
		6A9E88FE2F4627C800A397DE /* Sources */ = {
			isa = PBXSourcesBuildPhase;
			buildActionMask = 2147483647;
			files = (
			);
			runOnlyForDeploymentPostprocessing = 0;
		};
		6A9E89082F4627C800A397DE /* Sources */ = {
			isa = PBXSourcesBuildPhase;
			buildActionMask = 2147483647;
			files = (
			);
			runOnlyForDeploymentPostprocessing = 0;
		};
/* End PBXSourcesBuildPhase section */

/* Begin PBXTargetDependency section */
		6A9E89042F4627C800A397DE /* PBXTargetDependency */ = {
			isa = PBXTargetDependency;
			target = 6A9E88F42F4627C800A397DE /* GenTech */;
			targetProxy = 6A9E89032F4627C800A397DE /* PBXContainerItemProxy */;
		};
		6A9E890E2F4627C800A397DE /* PBXTargetDependency */ = {
			isa = PBXTargetDependency;
			target = 6A9E88F42F4627C800A397DE /* GenTech */;
			targetProxy = 6A9E890D2F4627C800A397DE /* PBXContainerItemProxy */;
		};
/* End PBXTargetDependency section */

/* Begin XCBuildConfiguration section */
		6A9E89142F4627C800A397DE /* Debug */ = {
			isa = XCBuildConfiguration;
			buildSettings = {
				ALWAYS_SEARCH_USER_PATHS = NO;
				ASSETCATALOG_COMPILER_GENERATE_SWIFT_ASSET_SYMBOL_EXTENSIONS = YES;
				CLANG_ANALYZER_NONNULL = YES;
				CLANG_ANALYZER_NUMBER_OBJECT_CONVERSION = YES_AGGRESSIVE;
				CLANG_CXX_LANGUAGE_STANDARD = "gnu++20";
				CLANG_ENABLE_MODULES = YES;
				CLANG_ENABLE_OBJC_ARC = YES;
				CLANG_ENABLE_OBJC_WEAK = YES;
				CLANG_WARN_BLOCK_CAPTURE_AUTORELEASING = YES;
				CLANG_WARN_BOOL_CONVERSION = YES;
				CLANG_WARN_COMMA = YES;
				CLANG_WARN_CONSTANT_CONVERSION = YES;
				CLANG_WARN_DEPRECATED_OBJC_IMPLEMENTATIONS = YES;
				CLANG_WARN_DIRECT_OBJC_ISA_USAGE = YES_ERROR;
				CLANG_WARN_DOCUMENTATION_COMMENTS = YES;
				CLANG_WARN_EMPTY_BODY = YES;
				CLANG_WARN_ENUM_CONVERSION = YES;
				CLANG_WARN_INFINITE_RECURSION = YES;
				CLANG_WARN_INT_CONVERSION = YES;
				CLANG_WARN_NON_LITERAL_NULL_CONVERSION = YES;
				CLANG_WARN_OBJC_IMPLICIT_RETAIN_SELF = YES;
				CLANG_WARN_OBJC_LITERAL_CONVERSION = YES;
				CLANG_WARN_OBJC_ROOT_CLASS = YES_ERROR;
				CLANG_WARN_QUOTED_INCLUDE_IN_FRAMEWORK_HEADER = YES;
				CLANG_WARN_RANGE_LOOP_ANALYSIS = YES;
				CLANG_WARN_STRICT_PROTOTYPES = YES;
				CLANG_WARN_SUSPICIOUS_MOVE = YES;
				CLANG_WARN_UNGUARDED_AVAILABILITY = YES_AGGRESSIVE;
				CLANG_WARN_UNREACHABLE_CODE = YES;
				CLANG_WARN__DUPLICATE_METHOD_MATCH = YES;
				COPY_PHASE_STRIP = NO;
				DEBUG_INFORMATION_FORMAT = dwarf;
				ENABLE_STRICT_OBJC_MSGSEND = YES;
				ENABLE_TESTABILITY = YES;
				ENABLE_USER_SCRIPT_SANDBOXING = YES;
				GCC_C_LANGUAGE_STANDARD = gnu17;
				GCC_DYNAMIC_NO_PIC = NO;
				GCC_NO_COMMON_BLOCKS = YES;
				GCC_OPTIMIZATION_LEVEL = 0;
				GCC_PREPROCESSOR_DEFINITIONS = (
					"DEBUG=1",
					"$(inherited)",
				);
				GCC_WARN_64_TO_32_BIT_CONVERSION = YES;
				GCC_WARN_ABOUT_RETURN_TYPE = YES_ERROR;
				GCC_WARN_UNDECLARED_SELECTOR = YES;
				GCC_WARN_UNINITIALIZED_AUTOS = YES_AGGRESSIVE;
				GCC_WARN_UNUSED_FUNCTION = YES;
				GCC_WARN_UNUSED_VARIABLE = YES;
				IPHONEOS_DEPLOYMENT_TARGET = 26.2;
				LOCALIZATION_PREFERS_STRING_CATALOGS = YES;
				MTL_ENABLE_DEBUG_INFO = INCLUDE_SOURCE;
				MTL_FAST_MATH = YES;
				ONLY_ACTIVE_ARCH = YES;
				SDKROOT = iphoneos;
				SWIFT_ACTIVE_COMPILATION_CONDITIONS = "DEBUG $(inherited)";
				SWIFT_OPTIMIZATION_LEVEL = "-Onone";
			};
			name = Debug;
		};
		6A9E89152F4627C800A397DE /* Release */ = {
			isa = XCBuildConfiguration;
			buildSettings = {
				ALWAYS_SEARCH_USER_PATHS = NO;
				ASSETCATALOG_COMPILER_GENERATE_SWIFT_ASSET_SYMBOL_EXTENSIONS = YES;
				CLANG_ANALYZER_NONNULL = YES;
				CLANG_ANALYZER_NUMBER_OBJECT_CONVERSION = YES_AGGRESSIVE;
				CLANG_CXX_LANGUAGE_STANDARD = "gnu++20";
				CLANG_ENABLE_MODULES = YES;
				CLANG_ENABLE_OBJC_ARC = YES;
				CLANG_ENABLE_OBJC_WEAK = YES;
				CLANG_WARN_BLOCK_CAPTURE_AUTORELEASING = YES;
				CLANG_WARN_BOOL_CONVERSION = YES;
				CLANG_WARN_COMMA = YES;
				CLANG_WARN_CONSTANT_CONVERSION = YES;
				CLANG_WARN_DEPRECATED_OBJC_IMPLEMENTATIONS = YES;
				CLANG_WARN_DIRECT_OBJC_ISA_USAGE = YES_ERROR;
				CLANG_WARN_DOCUMENTATION_COMMENTS = YES;
				CLANG_WARN_EMPTY_BODY = YES;
				CLANG_WARN_ENUM_CONVERSION = YES;
				CLANG_WARN_INFINITE_RECURSION = YES;
				CLANG_WARN_INT_CONVERSION = YES;
				CLANG_WARN_NON_LITERAL_NULL_CONVERSION = YES;
				CLANG_WARN_OBJC_IMPLICIT_RETAIN_SELF = YES;
				CLANG_WARN_OBJC_LITERAL_CONVERSION = YES;
				CLANG_WARN_OBJC_ROOT_CLASS = YES_ERROR;
				CLANG_WARN_QUOTED_INCLUDE_IN_FRAMEWORK_HEADER = YES;
				CLANG_WARN_RANGE_LOOP_ANALYSIS = YES;
				CLANG_WARN_STRICT_PROTOTYPES = YES;
				CLANG_WARN_SUSPICIOUS_MOVE = YES;
				CLANG_WARN_UNGUARDED_AVAILABILITY = YES_AGGRESSIVE;
				CLANG_WARN_UNREACHABLE_CODE = YES;
				CLANG_WARN__DUPLICATE_METHOD_MATCH = YES;
				COPY_PHASE_STRIP = NO;
				DEBUG_INFORMATION_FORMAT = "dwarf-with-dsym";
				ENABLE_NS_ASSERTIONS = NO;
				ENABLE_STRICT_OBJC_MSGSEND = YES;
				ENABLE_USER_SCRIPT_SANDBOXING = YES;
				GCC_C_LANGUAGE_STANDARD = gnu17;
				GCC_NO_COMMON_BLOCKS = YES;
				GCC_WARN_64_TO_32_BIT_CONVERSION = YES;
				GCC_WARN_ABOUT_RETURN_TYPE = YES_ERROR;
				GCC_WARN_UNDECLARED_SELECTOR = YES;
				GCC_WARN_UNINITIALIZED_AUTOS = YES_AGGRESSIVE;
				GCC_WARN_UNUSED_FUNCTION = YES;
				GCC_WARN_UNUSED_VARIABLE = YES;
				IPHONEOS_DEPLOYMENT_TARGET = 26.2;
				LOCALIZATION_PREFERS_STRING_CATALOGS = YES;
				MTL_ENABLE_DEBUG_INFO = NO;
				MTL_FAST_MATH = YES;
				SDKROOT = iphoneos;
				SWIFT_COMPILATION_MODE = wholemodule;
				VALIDATE_PRODUCT = YES;
			};
			name = Release;
		};
		6A9E89172F4627C800A397DE /* Debug */ = {
			isa = XCBuildConfiguration;
			buildSettings = {
				ASSETCATALOG_COMPILER_APPICON_NAME = AppIcon;
				ASSETCATALOG_COMPILER_GLOBAL_ACCENT_COLOR_NAME = AccentColor;
				CODE_SIGN_STYLE = Automatic;
				CURRENT_PROJECT_VERSION = 1;
				ENABLE_PREVIEWS = YES;
				GENERATE_INFOPLIST_FILE = YES;
				INFOPLIST_KEY_UIApplicationSceneManifest_Generation = YES;
				INFOPLIST_KEY_UIApplicationSupportsIndirectInputEvents = YES;
				INFOPLIST_KEY_UILaunchScreen_Generation = YES;
				INFOPLIST_KEY_UISupportedInterfaceOrientations_iPad = "UIInterfaceOrientationPortrait UIInterfaceOrientationPortraitUpsideDown UIInterfaceOrientationLandscapeLeft UIInterfaceOrientationLandscapeRight";
				INFOPLIST_KEY_UISupportedInterfaceOrientations_iPhone = "UIInterfaceOrientationPortrait UIInterfaceOrientationLandscapeLeft UIInterfaceOrientationLandscapeRight";
				LD_RUNPATH_SEARCH_PATHS = (
					"$(inherited)",
					"@executable_path/Frameworks",
				);
				MARKETING_VERSION = 1.0;
				PRODUCT_BUNDLE_IDENTIFIER = com.gentech.GenTech;
				PRODUCT_NAME = "$(TARGET_NAME)";
				STRING_CATALOG_GENERATE_SYMBOLS = YES;
				SWIFT_APPROACHABLE_CONCURRENCY = YES;
				SWIFT_DEFAULT_ACTOR_ISOLATION = MainActor;
				SWIFT_EMIT_LOC_STRINGS = YES;
				SWIFT_UPCOMING_FEATURE_MEMBER_IMPORT_VISIBILITY = YES;
				SWIFT_VERSION = 5.0;
				TARGETED_DEVICE_FAMILY = "1,2";
			};
			name = Debug;
		};
		6A9E89182F4627C800A397DE /* Release */ = {
			isa = XCBuildConfiguration;
			buildSettings = {
				ASSETCATALOG_COMPILER_APPICON_NAME = AppIcon;
				ASSETCATALOG_COMPILER_GLOBAL_ACCENT_COLOR_NAME = AccentColor;
				CODE_SIGN_STYLE = Automatic;
				CURRENT_PROJECT_VERSION = 1;
				ENABLE_PREVIEWS = YES;
				GENERATE_INFOPLIST_FILE = YES;
				INFOPLIST_KEY_UIApplicationSceneManifest_Generation = YES;
				INFOPLIST_KEY_UIApplicationSupportsIndirectInputEvents = YES;
				INFOPLIST_KEY_UILaunchScreen_Generation = YES;
				INFOPLIST_KEY_UISupportedInterfaceOrientations_iPad = "UIInterfaceOrientationPortrait UIInterfaceOrientationPortraitUpsideDown UIInterfaceOrientationLandscapeLeft UIInterfaceOrientationLandscapeRight";
				INFOPLIST_KEY_UISupportedInterfaceOrientations_iPhone = "UIInterfaceOrientationPortrait UIInterfaceOrientationLandscapeLeft UIInterfaceOrientationLandscapeRight";
				LD_RUNPATH_SEARCH_PATHS = (
					"$(inherited)",
					"@executable_path/Frameworks",
				);
				MARKETING_VERSION = 1.0;
				PRODUCT_BUNDLE_IDENTIFIER = com.gentech.GenTech;
				PRODUCT_NAME = "$(TARGET_NAME)";
				STRING_CATALOG_GENERATE_SYMBOLS = YES;
				SWIFT_APPROACHABLE_CONCURRENCY = YES;
				SWIFT_DEFAULT_ACTOR_ISOLATION = MainActor;
				SWIFT_EMIT_LOC_STRINGS = YES;
				SWIFT_UPCOMING_FEATURE_MEMBER_IMPORT_VISIBILITY = YES;
				SWIFT_VERSION = 5.0;
				TARGETED_DEVICE_FAMILY = "1,2";
			};
			name = Release;
		};
		6A9E891A2F4627C800A397DE /* Debug */ = {
			isa = XCBuildConfiguration;
			buildSettings = {
				BUNDLE_LOADER = "$(TEST_HOST)";
				CODE_SIGN_STYLE = Automatic;
				CURRENT_PROJECT_VERSION = 1;
				GENERATE_INFOPLIST_FILE = YES;
				IPHONEOS_DEPLOYMENT_TARGET = 26.2;
				MARKETING_VERSION = 1.0;
				PRODUCT_BUNDLE_IDENTIFIER = com.gentech.GenTechTests;
				PRODUCT_NAME = "$(TARGET_NAME)";
				STRING_CATALOG_GENERATE_SYMBOLS = NO;
				SWIFT_APPROACHABLE_CONCURRENCY = YES;
				SWIFT_EMIT_LOC_STRINGS = NO;
				SWIFT_UPCOMING_FEATURE_MEMBER_IMPORT_VISIBILITY = YES;
				SWIFT_VERSION = 5.0;
				TARGETED_DEVICE_FAMILY = "1,2";
				TEST_HOST = "$(BUILT_PRODUCTS_DIR)/GenTech.app/$(BUNDLE_EXECUTABLE_FOLDER_PATH)/GenTech";
			};
			name = Debug;
		};
		6A9E891B2F4627C800A397DE /* Release */ = {
			isa = XCBuildConfiguration;
			buildSettings = {
				BUNDLE_LOADER = "$(TEST_HOST)";
				CODE_SIGN_STYLE = Automatic;
				CURRENT_PROJECT_VERSION = 1;
				GENERATE_INFOPLIST_FILE = YES;
				IPHONEOS_DEPLOYMENT_TARGET = 26.2;
				MARKETING_VERSION = 1.0;
				PRODUCT_BUNDLE_IDENTIFIER = com.gentech.GenTechTests;
				PRODUCT_NAME = "$(TARGET_NAME)";
				STRING_CATALOG_GENERATE_SYMBOLS = NO;
				SWIFT_APPROACHABLE_CONCURRENCY = YES;
				SWIFT_EMIT_LOC_STRINGS = NO;
				SWIFT_UPCOMING_FEATURE_MEMBER_IMPORT_VISIBILITY = YES;
				SWIFT_VERSION = 5.0;
				TARGETED_DEVICE_FAMILY = "1,2";
				TEST_HOST = "$(BUILT_PRODUCTS_DIR)/GenTech.app/$(BUNDLE_EXECUTABLE_FOLDER_PATH)/GenTech";
			};
			name = Release;
		};
		6A9E891D2F4627C800A397DE /* Debug */ = {
			isa = XCBuildConfiguration;
			buildSettings = {
				CODE_SIGN_STYLE = Automatic;
				CURRENT_PROJECT_VERSION = 1;
				GENERATE_INFOPLIST_FILE = YES;
				MARKETING_VERSION = 1.0;
				PRODUCT_BUNDLE_IDENTIFIER = com.gentech.GenTechUITests;
				PRODUCT_NAME = "$(TARGET_NAME)";
				STRING_CATALOG_GENERATE_SYMBOLS = NO;
				SWIFT_APPROACHABLE_CONCURRENCY = YES;
				SWIFT_EMIT_LOC_STRINGS = NO;
				SWIFT_UPCOMING_FEATURE_MEMBER_IMPORT_VISIBILITY = YES;
				SWIFT_VERSION = 5.0;
				TARGETED_DEVICE_FAMILY = "1,2";
				TEST_TARGET_NAME = GenTech;
			};
			name = Debug;
		};
		6A9E891E2F4627C800A397DE /* Release */ = {
			isa = XCBuildConfiguration;
			buildSettings = {
				CODE_SIGN_STYLE = Automatic;
				CURRENT_PROJECT_VERSION = 1;
				GENERATE_INFOPLIST_FILE = YES;
				MARKETING_VERSION = 1.0;
				PRODUCT_BUNDLE_IDENTIFIER = com.gentech.GenTechUITests;
				PRODUCT_NAME = "$(TARGET_NAME)";
				STRING_CATALOG_GENERATE_SYMBOLS = NO;
				SWIFT_APPROACHABLE_CONCURRENCY = YES;
				SWIFT_EMIT_LOC_STRINGS = NO;
				SWIFT_UPCOMING_FEATURE_MEMBER_IMPORT_VISIBILITY = YES;
				SWIFT_VERSION = 5.0;
				TARGETED_DEVICE_FAMILY = "1,2";
				TEST_TARGET_NAME = GenTech;
			};
			name = Release;
		};
/* End XCBuildConfiguration section */

/* Begin XCConfigurationList section */
		6A9E88F02F4627C800A397DE /* Build configuration list for PBXProject "GenTech" */ = {
			isa = XCConfigurationList;
			buildConfigurations = (
				6A9E89142F4627C800A397DE /* Debug */,
				6A9E89152F4627C800A397DE /* Release */,
			);
			defaultConfigurationIsVisible = 0;
			defaultConfigurationName = Release;
		};
		6A9E89162F4627C800A397DE /* Build configuration list for PBXNativeTarget "GenTech" */ = {
			isa = XCConfigurationList;
			buildConfigurations = (
				6A9E89172F4627C800A397DE /* Debug */,
				6A9E89182F4627C800A397DE /* Release */,
			);
			defaultConfigurationIsVisible = 0;
			defaultConfigurationName = Release;
		};
		6A9E89192F4627C800A397DE /* Build configuration list for PBXNativeTarget "GenTechTests" */ = {
			isa = XCConfigurationList;
			buildConfigurations = (
				6A9E891A2F4627C800A397DE /* Debug */,
				6A9E891B2F4627C800A397DE /* Release */,
			);
			defaultConfigurationIsVisible = 0;
			defaultConfigurationName = Release;
		};
		6A9E891C2F4627C800A397DE /* Build configuration list for PBXNativeTarget "GenTechUITests" */ = {
			isa = XCConfigurationList;
			buildConfigurations = (
				6A9E891D2F4627C800A397DE /* Debug */,
				6A9E891E2F4627C800A397DE /* Release */,
			);
			defaultConfigurationIsVisible = 0;
			defaultConfigurationName = Release;
		};
/* End XCConfigurationList section */

/* Begin XCRemoteSwiftPackageReference section */
		6A9E898F2F46617000A397DE /* XCRemoteSwiftPackageReference "firebase-ios-sdk" */ = {
			isa = XCRemoteSwiftPackageReference;
			repositoryURL = "https://github.com/firebase/firebase-ios-sdk";
			requirement = {
				kind = upToNextMajorVersion;
				minimumVersion = 12.9.0;
			};
		};
/* End XCRemoteSwiftPackageReference section */

/* Begin XCSwiftPackageProductDependency section */
		6A9E89902F46617000A397DE /* FirebaseAuth */ = {
			isa = XCSwiftPackageProductDependency;
			package = 6A9E898F2F46617000A397DE /* XCRemoteSwiftPackageReference "firebase-ios-sdk" */;
			productName = FirebaseAuth;
		};
		6A9E89922F46617000A397DE /* FirebaseCore */ = {
			isa = XCSwiftPackageProductDependency;
			package = 6A9E898F2F46617000A397DE /* XCRemoteSwiftPackageReference "firebase-ios-sdk" */;
			productName = FirebaseCore;
		};
		6A9E89942F46617000A397DE /* FirebaseDatabase */ = {
			isa = XCSwiftPackageProductDependency;
			package = 6A9E898F2F46617000A397DE /* XCRemoteSwiftPackageReference "firebase-ios-sdk" */;
			productName = FirebaseDatabase;
		};
		6A9E89962F46617000A397DE /* FirebaseFirestore */ = {
			isa = XCSwiftPackageProductDependency;
			package = 6A9E898F2F46617000A397DE /* XCRemoteSwiftPackageReference "firebase-ios-sdk" */;
			productName = FirebaseFirestore;
		};
		6A9E89982F46617000A397DE /* FirebaseStorage */ = {
			isa = XCSwiftPackageProductDependency;
			package = 6A9E898F2F46617000A397DE /* XCRemoteSwiftPackageReference "firebase-ios-sdk" */;
			productName = FirebaseStorage;
		};
/* End XCSwiftPackageProductDependency section */
	};
	rootObject = 6A9E88ED2F4627C800A397DE /* Project object */;
}
